
Microsoft Visual Studio Solution File, Format Version 12.00
# Visual Studio 15
VisualStudioVersion = 15.0.28010.2026
MinimumVisualStudioVersion = 10.0.40219.1
Project("{FAE04EC0-301F-11D3-BF4B-00C04F79EFBC}") = "diegopro", "diegopro\diegopro.csproj", "{22877F8F-7230-4CFC-8084-37CE4E6CE67D}"
	ProjectSection(ProjectDependencies) = postProject
		{B396011B-8D88-4359-95F4-82E34E860744} = {B396011B-8D88-4359-95F4-82E34E860744}
	EndProjectSection
EndProject
Project("{FAE04EC0-301F-11D3-BF4B-00C04F79EFBC}") = "diegopro.webapi", "diegopro.webapi\diegopro.webapi.csproj", "{B396011B-8D88-4359-95F4-82E34E860744}"
EndProject
Global
	GlobalSection(SolutionConfigurationPlatforms) = preSolution
		Debug|Any CPU = Debug|Any CPU
		Release|Any CPU = Release|Any CPU
	EndGlobalSection
	GlobalSection(ProjectConfigurationPlatforms) = postSolution
		{22877F8F-7230-4CFC-8084-37CE4E6CE67D}.Debug|Any CPU.ActiveCfg = Debug|Any CPU
		{22877F8F-7230-4CFC-8084-37CE4E6CE67D}.Debug|Any CPU.Build.0 = Debug|Any CPU
		{22877F8F-7230-4CFC-8084-37CE4E6CE67D}.Release|Any CPU.ActiveCfg = Release|Any CPU
		{22877F8F-7230-4CFC-8084-37CE4E6CE67D}.Release|Any CPU.Build.0 = Release|Any CPU
		{B396011B-8D88-4359-95F4-82E34E860744}.Debug|Any CPU.ActiveCfg = Debug|Any CPU
		{B396011B-8D88-4359-95F4-82E34E860744}.Debug|Any CPU.Build.0 = Debug|Any CPU
		{B396011B-8D88-4359-95F4-82E34E860744}.Release|Any CPU.ActiveCfg = Release|Any CPU
		{B396011B-8D88-4359-95F4-82E34E860744}.Release|Any CPU.Build.0 = Release|Any CPU
	EndGlobalSection
	GlobalSection(SolutionProperties) = preSolution
		HideSolutionNode = FALSE
	EndGlobalSection
	GlobalSection(ExtensibilityGlobals) = postSolution
		SolutionGuid = {72984F2A-E168-4DFE-B4C4-167C4605B35C}
	EndGlobalSection
EndGlobal
